
Microsoft Visual Studio Solution File, Format Version 12.00
# Visual Studio Version 16
VisualStudioVersion = 16.0.28714.193
MinimumVisualStudioVersion = 10.0.40219.1
Project("{FAE04EC0-301F-11D3-BF4B-00C04F79EFBC}") = "DeveloperNews.Core", "src\core\DeveloperNews.Core.csproj", "{37C10221-0383-41E0-8C01-F06CA16B9D82}"
EndProject
Project("{FAE04EC0-301F-11D3-BF4B-00C04F79EFBC}") = "DeveloperNews.Options", "src\options\DeveloperNews.Options.csproj", "{D1EAAD10-2832-42DE-B8E7-EBA03AF83BCD}"
EndProject
Project("{FAE04EC0-301F-11D3-BF4B-00C04F79EFBC}") = "DeveloperNews", "src\vsix\DeveloperNews.csproj", "{2CA9BF85-C519-4C4A-8ACF-E2168A260238}"
EndProject
Project("{FAE04EC0-301F-11D3-BF4B-00C04F79EFBC}") = "DeveloperNews.UI", "src\ui\DeveloperNews.UI.csproj", "{8C32A223-6DBB-4892-B5AB-0FA19BAB5DC1}"
EndProject
Project("{FAE04EC0-301F-11D3-BF4B-00C04F79EFBC}") = "DeveloperNews.Tests", "src\tests\DeveloperNews.Tests\DeveloperNews.Tests.csproj", "{20408910-F7C0-4B37-A230-30AB3B7814DA}"
EndProject
Global
	GlobalSection(SolutionConfigurationPlatforms) = preSolution
		Debug|Any CPU = Debug|Any CPU
		Release|Any CPU = Release|Any CPU
	EndGlobalSection
	GlobalSection(ProjectConfigurationPlatforms) = postSolution
		{37C10221-0383-41E0-8C01-F06CA16B9D82}.Debug|Any CPU.ActiveCfg = Debug|Any CPU
		{37C10221-0383-41E0-8C01-F06CA16B9D82}.Debug|Any CPU.Build.0 = Debug|Any CPU
		{37C10221-0383-41E0-8C01-F06CA16B9D82}.Release|Any CPU.ActiveCfg = Release|Any CPU
		{37C10221-0383-41E0-8C01-F06CA16B9D82}.Release|Any CPU.Build.0 = Release|Any CPU
		{D1EAAD10-2832-42DE-B8E7-EBA03AF83BCD}.Debug|Any CPU.ActiveCfg = Debug|Any CPU
		{D1EAAD10-2832-42DE-B8E7-EBA03AF83BCD}.Debug|Any CPU.Build.0 = Debug|Any CPU
		{D1EAAD10-2832-42DE-B8E7-EBA03AF83BCD}.Release|Any CPU.ActiveCfg = Release|Any CPU
		{D1EAAD10-2832-42DE-B8E7-EBA03AF83BCD}.Release|Any CPU.Build.0 = Release|Any CPU
		{2CA9BF85-C519-4C4A-8ACF-E2168A260238}.Debug|Any CPU.ActiveCfg = Debug|Any CPU
		{2CA9BF85-C519-4C4A-8ACF-E2168A260238}.Debug|Any CPU.Build.0 = Debug|Any CPU
		{2CA9BF85-C519-4C4A-8ACF-E2168A260238}.Release|Any CPU.ActiveCfg = Release|Any CPU
		{2CA9BF85-C519-4C4A-8ACF-E2168A260238}.Release|Any CPU.Build.0 = Release|Any CPU
		{8C32A223-6DBB-4892-B5AB-0FA19BAB5DC1}.Debug|Any CPU.ActiveCfg = Debug|Any CPU
		{8C32A223-6DBB-4892-B5AB-0FA19BAB5DC1}.Debug|Any CPU.Build.0 = Debug|Any CPU
		{8C32A223-6DBB-4892-B5AB-0FA19BAB5DC1}.Release|Any CPU.ActiveCfg = Release|Any CPU
		{8C32A223-6DBB-4892-B5AB-0FA19BAB5DC1}.Release|Any CPU.Build.0 = Release|Any CPU
		{20408910-F7C0-4B37-A230-30AB3B7814DA}.Debug|Any CPU.ActiveCfg = Debug|Any CPU
		{20408910-F7C0-4B37-A230-30AB3B7814DA}.Debug|Any CPU.Build.0 = Debug|Any CPU
		{20408910-F7C0-4B37-A230-30AB3B7814DA}.Release|Any CPU.ActiveCfg = Release|Any CPU
		{20408910-F7C0-4B37-A230-30AB3B7814DA}.Release|Any CPU.Build.0 = Release|Any CPU
	EndGlobalSection
	GlobalSection(SolutionProperties) = preSolution
		HideSolutionNode = FALSE
	EndGlobalSection
	GlobalSection(ExtensibilityGlobals) = postSolution
		SolutionGuid = {5815276C-715F-4D15-B8FC-01D0B77A7644}
	EndGlobalSection
EndGlobal
